
Microsoft Visual Studio Solution File, Format Version 12.00
# Visual Studio Version 17
VisualStudioVersion = 17.7.34031.279
MinimumVisualStudioVersion = 10.0.40219.1
Project("{FAE04EC0-301F-11D3-BF4B-00C04F79EFBC}") = "Car Rental", "WindowsFormsApp1\Car Rental.csproj", "{BA4F8865-801D-4087-8D96-03A42536D5D7}"
EndProject
Global
	GlobalSection(SolutionConfigurationPlatforms) = preSolution
		Debug|Any CPU = Debug|Any CPU
		Release|Any CPU = Release|Any CPU
	EndGlobalSection
	GlobalSection(ProjectConfigurationPlatforms) = postSolution
		{BA4F8865-801D-4087-8D96-03A42536D5D7}.Debug|Any CPU.ActiveCfg = Debug|Any CPU
		{BA4F8865-801D-4087-8D96-03A42536D5D7}.Debug|Any CPU.Build.0 = Debug|Any CPU
		{BA4F8865-801D-4087-8D96-03A42536D5D7}.Release|Any CPU.ActiveCfg = Release|Any CPU
		{BA4F8865-801D-4087-8D96-03A42536D5D7}.Release|Any CPU.Build.0 = Release|Any CPU
	EndGlobalSection
	GlobalSection(SolutionProperties) = preSolution
		HideSolutionNode = FALSE
	EndGlobalSection
	GlobalSection(ExtensibilityGlobals) = postSolution
		SolutionGuid = {98E017D5-CC72-4715-AFAA-EFC5996B0439}
	EndGlobalSection
EndGlobal
